
Microsoft Visual Studio Solution File, Format Version 12.00
# Visual Studio Version 16
VisualStudioVersion = 16.0.31727.386
MinimumVisualStudioVersion = 10.0.40219.1
Project("{FAE04EC0-301F-11D3-BF4B-00C04F79EFBC}") = "TAPU2_Dialogs", "TAPU2_Dialogs.csproj", "{0B3C2BEA-1379-406E-B4DE-4D60CFC405AB}"
EndProject
Global
	GlobalSection(SolutionConfigurationPlatforms) = preSolution
		Debug|Any CPU = Debug|Any CPU
		Release|Any CPU = Release|Any CPU
	EndGlobalSection
	GlobalSection(ProjectConfigurationPlatforms) = postSolution
		{0B3C2BEA-1379-406E-B4DE-4D60CFC405AB}.Debug|Any CPU.ActiveCfg = Debug|Any CPU
		{0B3C2BEA-1379-406E-B4DE-4D60CFC405AB}.Debug|Any CPU.Build.0 = Debug|Any CPU
		{0B3C2BEA-1379-406E-B4DE-4D60CFC405AB}.Release|Any CPU.ActiveCfg = Release|Any CPU
		{0B3C2BEA-1379-406E-B4DE-4D60CFC405AB}.Release|Any CPU.Build.0 = Release|Any CPU
	EndGlobalSection
	GlobalSection(SolutionProperties) = preSolution
		HideSolutionNode = FALSE
	EndGlobalSection
	GlobalSection(ExtensibilityGlobals) = postSolution
		SolutionGuid = {A0D59CBF-AEFC-4CBE-829A-0E508B3433A9}
	EndGlobalSection
EndGlobal
